
Microsoft Visual Studio Solution File, Format Version 12.00
# Visual Studio 14
VisualStudioVersion = 14.0.24720.0
MinimumVisualStudioVersion = 10.0.40219.1
Project("{8BC9CEB8-8B4A-11D0-8D11-00A0C91BC942}") = "GB", "GB\GB.vcxproj", "{6B502EE8-7037-45F5-A4DE-965312CC5114}"
EndProject
Global
	GlobalSection(SolutionConfigurationPlatforms) = preSolution
		Debug|Win32 = Debug|Win32
		MinSizeRel|Win32 = MinSizeRel|Win32
		Release|Win32 = Release|Win32
		RelWithDebInfo|Win32 = RelWithDebInfo|Win32
	EndGlobalSection
	GlobalSection(ProjectConfigurationPlatforms) = postSolution
		{6B502EE8-7037-45F5-A4DE-965312CC5114}.Debug|Win32.ActiveCfg = Debug|Win32
		{6B502EE8-7037-45F5-A4DE-965312CC5114}.Debug|Win32.Build.0 = Debug|Win32
		{6B502EE8-7037-45F5-A4DE-965312CC5114}.MinSizeRel|Win32.ActiveCfg = Release|Win32
		{6B502EE8-7037-45F5-A4DE-965312CC5114}.MinSizeRel|Win32.Build.0 = Release|Win32
		{6B502EE8-7037-45F5-A4DE-965312CC5114}.Release|Win32.ActiveCfg = Release|Win32
		{6B502EE8-7037-45F5-A4DE-965312CC5114}.Release|Win32.Build.0 = Release|Win32
		{6B502EE8-7037-45F5-A4DE-965312CC5114}.RelWithDebInfo|Win32.ActiveCfg = Release|Win32
		{6B502EE8-7037-45F5-A4DE-965312CC5114}.RelWithDebInfo|Win32.Build.0 = Release|Win32
	EndGlobalSection
	GlobalSection(SolutionProperties) = preSolution
		HideSolutionNode = FALSE
	EndGlobalSection
EndGlobal
